
Microsoft Visual Studio Solution File, Format Version 12.00
# Visual Studio 15
Project("{FAE04EC0-301F-11D3-BF4B-00C04F79EFBC}") = "SimpleHost", "SimpleHost\SimpleHost.csproj", "{A1DD0354-38FA-46DD-84C5-84EA8B33AC01}"
EndProject
Project("{FAE04EC0-301F-11D3-BF4B-00C04F79EFBC}") = "WebSampleApp", "WebSampleApp\WebSampleApp.csproj", "{9B2092D8-1D98-4C21-864C-D2A4B3A54C4E}"
EndProject
Global
	GlobalSection(SolutionConfigurationPlatforms) = preSolution
		Debug|Any CPU = Debug|Any CPU
		Release|Any CPU = Release|Any CPU
	EndGlobalSection
	GlobalSection(ProjectConfigurationPlatforms) = postSolution
		{A1DD0354-38FA-46DD-84C5-84EA8B33AC01}.Debug|Any CPU.ActiveCfg = Debug|Any CPU
		{A1DD0354-38FA-46DD-84C5-84EA8B33AC01}.Debug|Any CPU.Build.0 = Debug|Any CPU
		{A1DD0354-38FA-46DD-84C5-84EA8B33AC01}.Release|Any CPU.ActiveCfg = Release|Any CPU
		{A1DD0354-38FA-46DD-84C5-84EA8B33AC01}.Release|Any CPU.Build.0 = Release|Any CPU
		{9B2092D8-1D98-4C21-864C-D2A4B3A54C4E}.Debug|Any CPU.ActiveCfg = Debug|Any CPU
		{9B2092D8-1D98-4C21-864C-D2A4B3A54C4E}.Debug|Any CPU.Build.0 = Debug|Any CPU
		{9B2092D8-1D98-4C21-864C-D2A4B3A54C4E}.Release|Any CPU.ActiveCfg = Release|Any CPU
		{9B2092D8-1D98-4C21-864C-D2A4B3A54C4E}.Release|Any CPU.Build.0 = Release|Any CPU
	EndGlobalSection
EndGlobal
