
Microsoft Visual Studio Solution File, Format Version 12.00
# Visual Studio 15
Project("{FAE04EC0-301F-11D3-BF4B-00C04F79EFBC}") = "OperatorAndCasting", "OperatorAndCasting\OperatorAndCasting.csproj", "{D9E7430F-D4A8-4D9F-A9E2-34EE14D46615}"
EndProject
Global
	GlobalSection(SolutionConfigurationPlatforms) = preSolution
		Debug|Any CPU = Debug|Any CPU
		Release|Any CPU = Release|Any CPU
	EndGlobalSection
	GlobalSection(ProjectConfigurationPlatforms) = postSolution
		{D9E7430F-D4A8-4D9F-A9E2-34EE14D46615}.Debug|Any CPU.ActiveCfg = Debug|Any CPU
		{D9E7430F-D4A8-4D9F-A9E2-34EE14D46615}.Debug|Any CPU.Build.0 = Debug|Any CPU
		{D9E7430F-D4A8-4D9F-A9E2-34EE14D46615}.Release|Any CPU.ActiveCfg = Release|Any CPU
		{D9E7430F-D4A8-4D9F-A9E2-34EE14D46615}.Release|Any CPU.Build.0 = Release|Any CPU
	EndGlobalSection
EndGlobal
