
Microsoft Visual Studio Solution File, Format Version 12.00
# Visual Studio 15
Project("{FAE04EC0-301F-11D3-BF4B-00C04F79EFBC}") = "EFCoreLib", "EFCoreLib\EFCoreLib.csproj", "{C6BFA402-0F98-431E-90EB-B59E2FC71752}"
EndProject
Project("{FAE04EC0-301F-11D3-BF4B-00C04F79EFBC}") = "Intro", "Intro\Intro.csproj", "{50E79BE2-8C09-4F0B-A15F-2CFDB767BF28}"
EndProject
Project("{FAE04EC0-301F-11D3-BF4B-00C04F79EFBC}") = "UsingDependencyInjection", "UsingDependencyInjection\UsingDependencyInjection.csproj", "{ACD50151-EE5F-4D58-A024-8B40140A0C36}"
EndProject
Project("{FAE04EC0-301F-11D3-BF4B-00C04F79EFBC}") = "MenuSample", "MenuSample\MenuSample.csproj", "{42936A6B-CE43-4F88-BD5C-798AC263C1A5}"
EndProject
Project("{FAE04EC0-301F-11D3-BF4B-00C04F79EFBC}") = "BookSample", "BookSample\BookSample.csproj", "{F7D743B4-CB44-453D-8692-E3B9DEBEFC4B}"
EndProject
Project("{FAE04EC0-301F-11D3-BF4B-00C04F79EFBC}") = "RelationUsingConventions", "RelationUsingConventions\RelationUsingConventions.csproj", "{0B0D2FED-E846-432B-ADC6-7C5313EE56CA}"
EndProject
Project("{FAE04EC0-301F-11D3-BF4B-00C04F79EFBC}") = "RelationUsingAnnotations", "RelationUsingAnnotations\RelationUsingAnnotations.csproj", "{8342E2AE-8D58-4047-AD22-731C02644AFD}"
EndProject
Project("{FAE04EC0-301F-11D3-BF4B-00C04F79EFBC}") = "RelationUsingFluentAPI", "RelationUsingFluentAPI\RelationUsingFluentAPI.csproj", "{61ED4EFE-1592-4C50-B780-C3E310A49336}"
EndProject
Project("{FAE04EC0-301F-11D3-BF4B-00C04F79EFBC}") = "ConflictHandlingSample", "ConflictHandlingSample\ConflictHandlingSample.csproj", "{373AEE3B-FEB8-48EB-9EE5-56A8B7D0DC41}"
EndProject
Project("{FAE04EC0-301F-11D3-BF4B-00C04F79EFBC}") = "TransactionSample", "TransactionSample\TransactionSample.csproj", "{3372EC09-AEBD-47EE-A45F-24588ED0D1F1}"
EndProject
Project("{FAE04EC0-301F-11D3-BF4B-00C04F79EFBC}") = "MigrationsWebApp", "MigrationsWebApp\MigrationsWebApp.csproj", "{B98B656C-8F9D-4B33-9824-E02A0D4C5F7A}"
EndProject
Global
	GlobalSection(SolutionConfigurationPlatforms) = preSolution
		Debug|Any CPU = Debug|Any CPU
		Release|Any CPU = Release|Any CPU
	EndGlobalSection
	GlobalSection(ProjectConfigurationPlatforms) = postSolution
		{C6BFA402-0F98-431E-90EB-B59E2FC71752}.Debug|Any CPU.ActiveCfg = Debug|Any CPU
		{C6BFA402-0F98-431E-90EB-B59E2FC71752}.Debug|Any CPU.Build.0 = Debug|Any CPU
		{C6BFA402-0F98-431E-90EB-B59E2FC71752}.Release|Any CPU.ActiveCfg = Release|Any CPU
		{C6BFA402-0F98-431E-90EB-B59E2FC71752}.Release|Any CPU.Build.0 = Release|Any CPU
		{50E79BE2-8C09-4F0B-A15F-2CFDB767BF28}.Debug|Any CPU.ActiveCfg = Debug|Any CPU
		{50E79BE2-8C09-4F0B-A15F-2CFDB767BF28}.Debug|Any CPU.Build.0 = Debug|Any CPU
		{50E79BE2-8C09-4F0B-A15F-2CFDB767BF28}.Release|Any CPU.ActiveCfg = Release|Any CPU
		{50E79BE2-8C09-4F0B-A15F-2CFDB767BF28}.Release|Any CPU.Build.0 = Release|Any CPU
		{ACD50151-EE5F-4D58-A024-8B40140A0C36}.Debug|Any CPU.ActiveCfg = Debug|Any CPU
		{ACD50151-EE5F-4D58-A024-8B40140A0C36}.Debug|Any CPU.Build.0 = Debug|Any CPU
		{ACD50151-EE5F-4D58-A024-8B40140A0C36}.Release|Any CPU.ActiveCfg = Release|Any CPU
		{ACD50151-EE5F-4D58-A024-8B40140A0C36}.Release|Any CPU.Build.0 = Release|Any CPU
		{42936A6B-CE43-4F88-BD5C-798AC263C1A5}.Debug|Any CPU.ActiveCfg = Debug|Any CPU
		{42936A6B-CE43-4F88-BD5C-798AC263C1A5}.Debug|Any CPU.Build.0 = Debug|Any CPU
		{42936A6B-CE43-4F88-BD5C-798AC263C1A5}.Release|Any CPU.ActiveCfg = Release|Any CPU
		{42936A6B-CE43-4F88-BD5C-798AC263C1A5}.Release|Any CPU.Build.0 = Release|Any CPU
		{F7D743B4-CB44-453D-8692-E3B9DEBEFC4B}.Debug|Any CPU.ActiveCfg = Debug|Any CPU
		{F7D743B4-CB44-453D-8692-E3B9DEBEFC4B}.Debug|Any CPU.Build.0 = Debug|Any CPU
		{F7D743B4-CB44-453D-8692-E3B9DEBEFC4B}.Release|Any CPU.ActiveCfg = Release|Any CPU
		{F7D743B4-CB44-453D-8692-E3B9DEBEFC4B}.Release|Any CPU.Build.0 = Release|Any CPU
		{0B0D2FED-E846-432B-ADC6-7C5313EE56CA}.Debug|Any CPU.ActiveCfg = Debug|Any CPU
		{0B0D2FED-E846-432B-ADC6-7C5313EE56CA}.Debug|Any CPU.Build.0 = Debug|Any CPU
		{0B0D2FED-E846-432B-ADC6-7C5313EE56CA}.Release|Any CPU.ActiveCfg = Release|Any CPU
		{0B0D2FED-E846-432B-ADC6-7C5313EE56CA}.Release|Any CPU.Build.0 = Release|Any CPU
		{8342E2AE-8D58-4047-AD22-731C02644AFD}.Debug|Any CPU.ActiveCfg = Debug|Any CPU
		{8342E2AE-8D58-4047-AD22-731C02644AFD}.Debug|Any CPU.Build.0 = Debug|Any CPU
		{8342E2AE-8D58-4047-AD22-731C02644AFD}.Release|Any CPU.ActiveCfg = Release|Any CPU
		{8342E2AE-8D58-4047-AD22-731C02644AFD}.Release|Any CPU.Build.0 = Release|Any CPU
		{61ED4EFE-1592-4C50-B780-C3E310A49336}.Debug|Any CPU.ActiveCfg = Debug|Any CPU
		{61ED4EFE-1592-4C50-B780-C3E310A49336}.Debug|Any CPU.Build.0 = Debug|Any CPU
		{61ED4EFE-1592-4C50-B780-C3E310A49336}.Release|Any CPU.ActiveCfg = Release|Any CPU
		{61ED4EFE-1592-4C50-B780-C3E310A49336}.Release|Any CPU.Build.0 = Release|Any CPU
		{373AEE3B-FEB8-48EB-9EE5-56A8B7D0DC41}.Debug|Any CPU.ActiveCfg = Debug|Any CPU
		{373AEE3B-FEB8-48EB-9EE5-56A8B7D0DC41}.Debug|Any CPU.Build.0 = Debug|Any CPU
		{373AEE3B-FEB8-48EB-9EE5-56A8B7D0DC41}.Release|Any CPU.ActiveCfg = Release|Any CPU
		{373AEE3B-FEB8-48EB-9EE5-56A8B7D0DC41}.Release|Any CPU.Build.0 = Release|Any CPU
		{3372EC09-AEBD-47EE-A45F-24588ED0D1F1}.Debug|Any CPU.ActiveCfg = Debug|Any CPU
		{3372EC09-AEBD-47EE-A45F-24588ED0D1F1}.Debug|Any CPU.Build.0 = Debug|Any CPU
		{3372EC09-AEBD-47EE-A45F-24588ED0D1F1}.Release|Any CPU.ActiveCfg = Release|Any CPU
		{3372EC09-AEBD-47EE-A45F-24588ED0D1F1}.Release|Any CPU.Build.0 = Release|Any CPU
		{B98B656C-8F9D-4B33-9824-E02A0D4C5F7A}.Debug|Any CPU.ActiveCfg = Debug|Any CPU
		{B98B656C-8F9D-4B33-9824-E02A0D4C5F7A}.Debug|Any CPU.Build.0 = Debug|Any CPU
		{B98B656C-8F9D-4B33-9824-E02A0D4C5F7A}.Release|Any CPU.ActiveCfg = Release|Any CPU
		{B98B656C-8F9D-4B33-9824-E02A0D4C5F7A}.Release|Any CPU.Build.0 = Release|Any CPU
	EndGlobalSection
EndGlobal
