
Microsoft Visual Studio Solution File, Format Version 12.00
# Visual Studio 15
Project("{FAE04EC0-301F-11D3-BF4B-00C04F79EFBC}") = "Shape", "Shape\Shape.csproj", "{876B67E4-0CBA-4142-B22B-C014C71B1532}"
EndProject
Global
	GlobalSection(SolutionConfigurationPlatforms) = preSolution
		Debug|Any CPU = Debug|Any CPU
		Release|Any CPU = Release|Any CPU
	EndGlobalSection
	GlobalSection(ProjectConfigurationPlatforms) = postSolution
		{876B67E4-0CBA-4142-B22B-C014C71B1532}.Debug|Any CPU.ActiveCfg = Debug|Any CPU
		{876B67E4-0CBA-4142-B22B-C014C71B1532}.Debug|Any CPU.Build.0 = Debug|Any CPU
		{876B67E4-0CBA-4142-B22B-C014C71B1532}.Release|Any CPU.ActiveCfg = Release|Any CPU
		{876B67E4-0CBA-4142-B22B-C014C71B1532}.Release|Any CPU.Build.0 = Release|Any CPU
	EndGlobalSection
EndGlobal
